
Microsoft Visual Studio Solution File, Format Version 12.00
# Visual Studio Version 18
VisualStudioVersion = 18.1.11304.174 d18.0
MinimumVisualStudioVersion = 10.0.40219.1
Project("{FAE04EC0-301F-11D3-BF4B-00C04F79EFBC}") = "dependency-injection", "dependency-injection.csproj", "{73EB6C37-60A0-D47F-7044-914C7AC7B065}"
EndProject
Global
	GlobalSection(SolutionConfigurationPlatforms) = preSolution
		Debug|Any CPU = Debug|Any CPU
		Release|Any CPU = Release|Any CPU
	EndGlobalSection
	GlobalSection(ProjectConfigurationPlatforms) = postSolution
		{73EB6C37-60A0-D47F-7044-914C7AC7B065}.Debug|Any CPU.ActiveCfg = Debug|Any CPU
		{73EB6C37-60A0-D47F-7044-914C7AC7B065}.Debug|Any CPU.Build.0 = Debug|Any CPU
		{73EB6C37-60A0-D47F-7044-914C7AC7B065}.Release|Any CPU.ActiveCfg = Release|Any CPU
		{73EB6C37-60A0-D47F-7044-914C7AC7B065}.Release|Any CPU.Build.0 = Release|Any CPU
	EndGlobalSection
	GlobalSection(SolutionProperties) = preSolution
		HideSolutionNode = FALSE
	EndGlobalSection
	GlobalSection(ExtensibilityGlobals) = postSolution
		SolutionGuid = {42316E18-D3BD-4677-868C-6C92670CBAA4}
	EndGlobalSection
EndGlobal
